
Microsoft Visual Studio Solution File, Format Version 12.00
# Visual Studio Version 16
VisualStudioVersion = 16.0.808.10
MinimumVisualStudioVersion = 10.0.40219.1
Project("{FAE04EC0-301F-11D3-BF4B-00C04F79EFBC}") = "ChatApi", "ChatApi\ChatApi.csproj", "{28ECED1E-8832-4BB5-8712-320F498F0B30}"
EndProject
Global
	GlobalSection(SolutionConfigurationPlatforms) = preSolution
		Debug|Any CPU = Debug|Any CPU
		Release|Any CPU = Release|Any CPU
	EndGlobalSection
	GlobalSection(ProjectConfigurationPlatforms) = postSolution
		{28ECED1E-8832-4BB5-8712-320F498F0B30}.Debug|Any CPU.ActiveCfg = Debug|Any CPU
		{28ECED1E-8832-4BB5-8712-320F498F0B30}.Debug|Any CPU.Build.0 = Debug|Any CPU
		{28ECED1E-8832-4BB5-8712-320F498F0B30}.Release|Any CPU.ActiveCfg = Release|Any CPU
		{28ECED1E-8832-4BB5-8712-320F498F0B30}.Release|Any CPU.Build.0 = Release|Any CPU
	EndGlobalSection
	GlobalSection(SolutionProperties) = preSolution
		HideSolutionNode = FALSE
	EndGlobalSection
	GlobalSection(ExtensibilityGlobals) = postSolution
		SolutionGuid = {617DEFD5-AC16-4EBE-AB7B-1120FF3EE121}
	EndGlobalSection
EndGlobal
